---
- name: "Playbook 9 - Play1 - Block"
  hosts: www
  tasks:
  - name: "Block Code"
    block:
    - name: "Start Chronyd"
      service:
        name: chronyd
        state: started
        enabled: yes
    rescue:
    - name: "Instalacja chrony"
      dnf:
        state: latest
        name: chrony
    - name: "Start Chronyd"
      service:
        name: chronyd
        state: started
        enabled: yes
    always:
    - name: "Sekcja Always"
      debug:
        msg: "Hello World ;-)"
...
